
Microsoft Visual Studio Solution File, Format Version 12.00
# Visual Studio Version 16
VisualStudioVersion = 16.0.32106.194
MinimumVisualStudioVersion = 10.0.40219.1
Project("{FAE04EC0-301F-11D3-BF4B-00C04F79EFBC}") = "MyTeamsApp", "MyTeamsApp\MyTeamsApp.csproj", "{A0942F64-8C90-46A9-8ACE-0D6933A6D7DC}"
EndProject
Global
	GlobalSection(SolutionConfigurationPlatforms) = preSolution
		Debug|Any CPU = Debug|Any CPU
		Release|Any CPU = Release|Any CPU
	EndGlobalSection
	GlobalSection(ProjectConfigurationPlatforms) = postSolution
		{A0942F64-8C90-46A9-8ACE-0D6933A6D7DC}.Debug|Any CPU.ActiveCfg = Debug|Any CPU
		{A0942F64-8C90-46A9-8ACE-0D6933A6D7DC}.Debug|Any CPU.Build.0 = Debug|Any CPU
		{A0942F64-8C90-46A9-8ACE-0D6933A6D7DC}.Release|Any CPU.ActiveCfg = Release|Any CPU
		{A0942F64-8C90-46A9-8ACE-0D6933A6D7DC}.Release|Any CPU.Build.0 = Release|Any CPU
	EndGlobalSection
	GlobalSection(SolutionProperties) = preSolution
		HideSolutionNode = FALSE
	EndGlobalSection
	GlobalSection(ExtensibilityGlobals) = postSolution
		SolutionGuid = {44160661-FB16-4178-8075-A84C5FC2B157}
	EndGlobalSection
EndGlobal
